# @generated by Move, please check-in and do not edit manually.

[move]
version = 0
manifest_digest = "433E666E6D54346C7CF8E3E12C43D30F3B2CCD152A9CCF5998B0544565CA9B3C"
deps_digest = "3C4103934B1E040BB6B23F1D610B4EF9F2F1166A50A104EADCF77467C004C600"

dependencies = [
  { name = "Log" },
  { name = "Sui" },
]

[[move.package]]
name = "Log"
source = { local = "../../../../suibase/move/@suibase/log" }

dependencies = [
  { name = "Sui" },
]

[[move.package]]
name = "MoveStdlib"
source = { git = "https://github.com/MystenLabs/sui.git", rev = "devnet", subdir = "crates/sui-framework/packages/move-stdlib" }

[[move.package]]
name = "Sui"
source = { git = "https://github.com/MystenLabs/sui.git", rev = "devnet", subdir = "crates/sui-framework/packages/sui-framework" }

dependencies = [
  { name = "MoveStdlib" },
]
